
Microsoft Visual Studio Solution File, Format Version 12.00
# Visual Studio Version 16
VisualStudioVersion = 16.0.32002.261
MinimumVisualStudioVersion = 10.0.40219.1
Project("{FAE04EC0-301F-11D3-BF4B-00C04F79EFBC}") = "160222_TelefonRehberi", "160222_TelefonRehberi\160222_TelefonRehberi.csproj", "{71A1B2E7-3441-4D0E-8776-A057C478BD27}"
EndProject
Global
	GlobalSection(SolutionConfigurationPlatforms) = preSolution
		Debug|Any CPU = Debug|Any CPU
		Release|Any CPU = Release|Any CPU
	EndGlobalSection
	GlobalSection(ProjectConfigurationPlatforms) = postSolution
		{71A1B2E7-3441-4D0E-8776-A057C478BD27}.Debug|Any CPU.ActiveCfg = Debug|Any CPU
		{71A1B2E7-3441-4D0E-8776-A057C478BD27}.Debug|Any CPU.Build.0 = Debug|Any CPU
		{71A1B2E7-3441-4D0E-8776-A057C478BD27}.Release|Any CPU.ActiveCfg = Release|Any CPU
		{71A1B2E7-3441-4D0E-8776-A057C478BD27}.Release|Any CPU.Build.0 = Release|Any CPU
	EndGlobalSection
	GlobalSection(SolutionProperties) = preSolution
		HideSolutionNode = FALSE
	EndGlobalSection
	GlobalSection(ExtensibilityGlobals) = postSolution
		SolutionGuid = {C69C4888-5F22-46C5-AFEE-F2C54D5FB3E3}
	EndGlobalSection
EndGlobal
